
Microsoft Visual Studio Solution File, Format Version 12.00
# Visual Studio Version 17
VisualStudioVersion = 17.3.32929.385
MinimumVisualStudioVersion = 10.0.40219.1
Project("{8BC9CEB8-8B4A-11D0-8D11-00A0C91BC942}") = "2022-12-30", "2022-12-30\2022-12-30.vcxproj", "{B42273ED-7A05-402B-8BF7-67F59804871F}"
EndProject
Project("{8BC9CEB8-8B4A-11D0-8D11-00A0C91BC942}") = "2022-12-31", "2022-12-31\2022-12-31.vcxproj", "{85ED671B-18E6-4250-9EB1-CE813C265550}"
EndProject
Project("{8BC9CEB8-8B4A-11D0-8D11-00A0C91BC942}") = "2023-01-04", "2023-01-04\2023-01-04.vcxproj", "{4EC74888-AFE6-4340-9A83-54E50215D60D}"
EndProject
Project("{8BC9CEB8-8B4A-11D0-8D11-00A0C91BC942}") = "2023-01-03", "2023-01-03\2023-01-03.vcxproj", "{1F3EE11D-AAB9-45C4-AA97-D39198F4A7B2}"
EndProject
Project("{8BC9CEB8-8B4A-11D0-8D11-00A0C91BC942}") = "2023-01-05", "2023-01-05\2023-01-05.vcxproj", "{024DBD78-F482-4E7E-9B0D-D025916E17B4}"
EndProject
Project("{8BC9CEB8-8B4A-11D0-8D11-00A0C91BC942}") = "2023-01-06", "2023-01-06\2023-01-06.vcxproj", "{12EF0EA1-CE6F-4382-9628-059BC52CE2E3}"
EndProject
Project("{8BC9CEB8-8B4A-11D0-8D11-00A0C91BC942}") = "2023-01-07", "2023-01-07\2023-01-07.vcxproj", "{9E030B5B-AFD1-4C14-80BE-4BADF97E53E5}"
EndProject
Project("{8BC9CEB8-8B4A-11D0-8D11-00A0C91BC942}") = "2023-01-08", "2023-01-08\2023-01-08.vcxproj", "{2123522D-16FC-48B2-BAD2-E9DEE964DFBE}"
EndProject
Project("{8BC9CEB8-8B4A-11D0-8D11-00A0C91BC942}") = "2023-01-09", "2023-01-09\2023-01-09.vcxproj", "{A972B40D-894B-4E45-BCAE-18E896CC2C33}"
EndProject
Project("{8BC9CEB8-8B4A-11D0-8D11-00A0C91BC942}") = "2023-01-11", "2023-01-11\2023-01-11.vcxproj", "{E2252B9F-F666-49AC-AEFB-6E725880C265}"
EndProject
Project("{8BC9CEB8-8B4A-11D0-8D11-00A0C91BC942}") = "2023-01-12", "2023-01-12\2023-01-12.vcxproj", "{BB720EFC-699A-4D60-9340-0D5905017DFF}"
EndProject
Project("{8BC9CEB8-8B4A-11D0-8D11-00A0C91BC942}") = "2023-01-13", "2023-01-13\2023-01-13.vcxproj", "{65A0D19C-7B5C-46F1-BAE0-E1F3C876AB93}"
EndProject
Project("{8BC9CEB8-8B4A-11D0-8D11-00A0C91BC942}") = "2023-01-15", "2023-01-15\2023-01-15.vcxproj", "{10D66586-CF8C-4E67-85FD-DA38F04B9345}"
EndProject
Project("{8BC9CEB8-8B4A-11D0-8D11-00A0C91BC942}") = "2023-01-17", "2023-01-17\2023-01-17.vcxproj", "{EF50A2B0-0CCA-467C-944D-9816D42B5958}"
EndProject
Project("{8BC9CEB8-8B4A-11D0-8D11-00A0C91BC942}") = "2023-01-18", "2023-01-18\2023-01-18.vcxproj", "{67B554DA-537E-4658-B37D-014227F51537}"
EndProject
Project("{8BC9CEB8-8B4A-11D0-8D11-00A0C91BC942}") = "2023-01-19", "2023-01-19\2023-01-19.vcxproj", "{DE15D6A0-CAFD-4F54-A901-2BB10631D771}"
EndProject
Project("{8BC9CEB8-8B4A-11D0-8D11-00A0C91BC942}") = "2023-01-20", "2023-01-20\2023-01-20.vcxproj", "{608DE767-3C68-499A-8D5D-7882ECB0E3F9}"
EndProject
Project("{8BC9CEB8-8B4A-11D0-8D11-00A0C91BC942}") = "2023-01-21", "2023-01-21\2023-01-21.vcxproj", "{E16FD7E4-9F3C-4FDF-838D-466CB3A237DB}"
EndProject
Project("{8BC9CEB8-8B4A-11D0-8D11-00A0C91BC942}") = "2023-01-22", "2023-01-22\2023-01-22.vcxproj", "{D4CF3F3B-8FA0-445B-8E73-87EE7B753CCB}"
EndProject
Project("{8BC9CEB8-8B4A-11D0-8D11-00A0C91BC942}") = "2023-01-25", "2023-01-25\2023-01-25.vcxproj", "{AD6DDB09-F13F-42D7-B3C7-FCC536917D11}"
EndProject
Project("{8BC9CEB8-8B4A-11D0-8D11-00A0C91BC942}") = "2023-01-24", "2023-01-24\2023-01-24.vcxproj", "{78B79100-9003-417B-A78D-CC2425B0DA6C}"
EndProject
Project("{8BC9CEB8-8B4A-11D0-8D11-00A0C91BC942}") = "2023-01-26", "2023-01-26\2023-01-26.vcxproj", "{840ECC1D-8A95-4F81-BF8F-5AA40543AC0F}"
EndProject
Project("{8BC9CEB8-8B4A-11D0-8D11-00A0C91BC942}") = "2023-01-27", "2023-01-27\2023-01-27.vcxproj", "{4861C6C5-0FC3-49FD-8E60-FD575AA37196}"
EndProject
Global
	GlobalSection(SolutionConfigurationPlatforms) = preSolution
		Debug|x64 = Debug|x64
		Debug|x86 = Debug|x86
		Release|x64 = Release|x64
		Release|x86 = Release|x86
	EndGlobalSection
	GlobalSection(ProjectConfigurationPlatforms) = postSolution
		{B42273ED-7A05-402B-8BF7-67F59804871F}.Debug|x64.ActiveCfg = Debug|x64
		{B42273ED-7A05-402B-8BF7-67F59804871F}.Debug|x64.Build.0 = Debug|x64
		{B42273ED-7A05-402B-8BF7-67F59804871F}.Debug|x86.ActiveCfg = Debug|Win32
		{B42273ED-7A05-402B-8BF7-67F59804871F}.Debug|x86.Build.0 = Debug|Win32
		{B42273ED-7A05-402B-8BF7-67F59804871F}.Release|x64.ActiveCfg = Release|x64
		{B42273ED-7A05-402B-8BF7-67F59804871F}.Release|x64.Build.0 = Release|x64
		{B42273ED-7A05-402B-8BF7-67F59804871F}.Release|x86.ActiveCfg = Release|Win32
		{B42273ED-7A05-402B-8BF7-67F59804871F}.Release|x86.Build.0 = Release|Win32
		{85ED671B-18E6-4250-9EB1-CE813C265550}.Debug|x64.ActiveCfg = Debug|x64
		{85ED671B-18E6-4250-9EB1-CE813C265550}.Debug|x64.Build.0 = Debug|x64
		{85ED671B-18E6-4250-9EB1-CE813C265550}.Debug|x86.ActiveCfg = Debug|Win32
		{85ED671B-18E6-4250-9EB1-CE813C265550}.Debug|x86.Build.0 = Debug|Win32
		{85ED671B-18E6-4250-9EB1-CE813C265550}.Release|x64.ActiveCfg = Release|x64
		{85ED671B-18E6-4250-9EB1-CE813C265550}.Release|x64.Build.0 = Release|x64
		{85ED671B-18E6-4250-9EB1-CE813C265550}.Release|x86.ActiveCfg = Release|Win32
		{85ED671B-18E6-4250-9EB1-CE813C265550}.Release|x86.Build.0 = Release|Win32
		{4EC74888-AFE6-4340-9A83-54E50215D60D}.Debug|x64.ActiveCfg = Debug|x64
		{4EC74888-AFE6-4340-9A83-54E50215D60D}.Debug|x64.Build.0 = Debug|x64
		{4EC74888-AFE6-4340-9A83-54E50215D60D}.Debug|x86.ActiveCfg = Debug|Win32
		{4EC74888-AFE6-4340-9A83-54E50215D60D}.Debug|x86.Build.0 = Debug|Win32
		{4EC74888-AFE6-4340-9A83-54E50215D60D}.Release|x64.ActiveCfg = Release|x64
		{4EC74888-AFE6-4340-9A83-54E50215D60D}.Release|x64.Build.0 = Release|x64
		{4EC74888-AFE6-4340-9A83-54E50215D60D}.Release|x86.ActiveCfg = Release|Win32
		{4EC74888-AFE6-4340-9A83-54E50215D60D}.Release|x86.Build.0 = Release|Win32
		{1F3EE11D-AAB9-45C4-AA97-D39198F4A7B2}.Debug|x64.ActiveCfg = Debug|x64
		{1F3EE11D-AAB9-45C4-AA97-D39198F4A7B2}.Debug|x64.Build.0 = Debug|x64
		{1F3EE11D-AAB9-45C4-AA97-D39198F4A7B2}.Debug|x86.ActiveCfg = Debug|Win32
		{1F3EE11D-AAB9-45C4-AA97-D39198F4A7B2}.Debug|x86.Build.0 = Debug|Win32
		{1F3EE11D-AAB9-45C4-AA97-D39198F4A7B2}.Release|x64.ActiveCfg = Release|x64
		{1F3EE11D-AAB9-45C4-AA97-D39198F4A7B2}.Release|x64.Build.0 = Release|x64
		{1F3EE11D-AAB9-45C4-AA97-D39198F4A7B2}.Release|x86.ActiveCfg = Release|Win32
		{1F3EE11D-AAB9-45C4-AA97-D39198F4A7B2}.Release|x86.Build.0 = Release|Win32
		{024DBD78-F482-4E7E-9B0D-D025916E17B4}.Debug|x64.ActiveCfg = Debug|x64
		{024DBD78-F482-4E7E-9B0D-D025916E17B4}.Debug|x64.Build.0 = Debug|x64
		{024DBD78-F482-4E7E-9B0D-D025916E17B4}.Debug|x86.ActiveCfg = Debug|Win32
		{024DBD78-F482-4E7E-9B0D-D025916E17B4}.Debug|x86.Build.0 = Debug|Win32
		{024DBD78-F482-4E7E-9B0D-D025916E17B4}.Release|x64.ActiveCfg = Release|x64
		{024DBD78-F482-4E7E-9B0D-D025916E17B4}.Release|x64.Build.0 = Release|x64
		{024DBD78-F482-4E7E-9B0D-D025916E17B4}.Release|x86.ActiveCfg = Release|Win32
		{024DBD78-F482-4E7E-9B0D-D025916E17B4}.Release|x86.Build.0 = Release|Win32
		{12EF0EA1-CE6F-4382-9628-059BC52CE2E3}.Debug|x64.ActiveCfg = Debug|x64
		{12EF0EA1-CE6F-4382-9628-059BC52CE2E3}.Debug|x64.Build.0 = Debug|x64
		{12EF0EA1-CE6F-4382-9628-059BC52CE2E3}.Debug|x86.ActiveCfg = Debug|Win32
		{12EF0EA1-CE6F-4382-9628-059BC52CE2E3}.Debug|x86.Build.0 = Debug|Win32
		{12EF0EA1-CE6F-4382-9628-059BC52CE2E3}.Release|x64.ActiveCfg = Release|x64
		{12EF0EA1-CE6F-4382-9628-059BC52CE2E3}.Release|x64.Build.0 = Release|x64
		{12EF0EA1-CE6F-4382-9628-059BC52CE2E3}.Release|x86.ActiveCfg = Release|Win32
		{12EF0EA1-CE6F-4382-9628-059BC52CE2E3}.Release|x86.Build.0 = Release|Win32
		{9E030B5B-AFD1-4C14-80BE-4BADF97E53E5}.Debug|x64.ActiveCfg = Debug|x64
		{9E030B5B-AFD1-4C14-80BE-4BADF97E53E5}.Debug|x64.Build.0 = Debug|x64
		{9E030B5B-AFD1-4C14-80BE-4BADF97E53E5}.Debug|x86.ActiveCfg = Debug|Win32
		{9E030B5B-AFD1-4C14-80BE-4BADF97E53E5}.Debug|x86.Build.0 = Debug|Win32
		{9E030B5B-AFD1-4C14-80BE-4BADF97E53E5}.Release|x64.ActiveCfg = Release|x64
		{9E030B5B-AFD1-4C14-80BE-4BADF97E53E5}.Release|x64.Build.0 = Release|x64
		{9E030B5B-AFD1-4C14-80BE-4BADF97E53E5}.Release|x86.ActiveCfg = Release|Win32
		{9E030B5B-AFD1-4C14-80BE-4BADF97E53E5}.Release|x86.Build.0 = Release|Win32
		{2123522D-16FC-48B2-BAD2-E9DEE964DFBE}.Debug|x64.ActiveCfg = Debug|x64
		{2123522D-16FC-48B2-BAD2-E9DEE964DFBE}.Debug|x64.Build.0 = Debug|x64
		{2123522D-16FC-48B2-BAD2-E9DEE964DFBE}.Debug|x86.ActiveCfg = Debug|Win32
		{2123522D-16FC-48B2-BAD2-E9DEE964DFBE}.Debug|x86.Build.0 = Debug|Win32
		{2123522D-16FC-48B2-BAD2-E9DEE964DFBE}.Release|x64.ActiveCfg = Release|x64
		{2123522D-16FC-48B2-BAD2-E9DEE964DFBE}.Release|x64.Build.0 = Release|x64
		{2123522D-16FC-48B2-BAD2-E9DEE964DFBE}.Release|x86.ActiveCfg = Release|Win32
		{2123522D-16FC-48B2-BAD2-E9DEE964DFBE}.Release|x86.Build.0 = Release|Win32
		{A972B40D-894B-4E45-BCAE-18E896CC2C33}.Debug|x64.ActiveCfg = Debug|x64
		{A972B40D-894B-4E45-BCAE-18E896CC2C33}.Debug|x64.Build.0 = Debug|x64
		{A972B40D-894B-4E45-BCAE-18E896CC2C33}.Debug|x86.ActiveCfg = Debug|Win32
		{A972B40D-894B-4E45-BCAE-18E896CC2C33}.Debug|x86.Build.0 = Debug|Win32
		{A972B40D-894B-4E45-BCAE-18E896CC2C33}.Release|x64.ActiveCfg = Release|x64
		{A972B40D-894B-4E45-BCAE-18E896CC2C33}.Release|x64.Build.0 = Release|x64
		{A972B40D-894B-4E45-BCAE-18E896CC2C33}.Release|x86.ActiveCfg = Release|Win32
		{A972B40D-894B-4E45-BCAE-18E896CC2C33}.Release|x86.Build.0 = Release|Win32
		{E2252B9F-F666-49AC-AEFB-6E725880C265}.Debug|x64.ActiveCfg = Debug|x64
		{E2252B9F-F666-49AC-AEFB-6E725880C265}.Debug|x64.Build.0 = Debug|x64
		{E2252B9F-F666-49AC-AEFB-6E725880C265}.Debug|x86.ActiveCfg = Debug|Win32
		{E2252B9F-F666-49AC-AEFB-6E725880C265}.Debug|x86.Build.0 = Debug|Win32
		{E2252B9F-F666-49AC-AEFB-6E725880C265}.Release|x64.ActiveCfg = Release|x64
		{E2252B9F-F666-49AC-AEFB-6E725880C265}.Release|x64.Build.0 = Release|x64
		{E2252B9F-F666-49AC-AEFB-6E725880C265}.Release|x86.ActiveCfg = Release|Win32
		{E2252B9F-F666-49AC-AEFB-6E725880C265}.Release|x86.Build.0 = Release|Win32
		{BB720EFC-699A-4D60-9340-0D5905017DFF}.Debug|x64.ActiveCfg = Debug|x64
		{BB720EFC-699A-4D60-9340-0D5905017DFF}.Debug|x64.Build.0 = Debug|x64
		{BB720EFC-699A-4D60-9340-0D5905017DFF}.Debug|x86.ActiveCfg = Debug|Win32
		{BB720EFC-699A-4D60-9340-0D5905017DFF}.Debug|x86.Build.0 = Debug|Win32
		{BB720EFC-699A-4D60-9340-0D5905017DFF}.Release|x64.ActiveCfg = Release|x64
		{BB720EFC-699A-4D60-9340-0D5905017DFF}.Release|x64.Build.0 = Release|x64
		{BB720EFC-699A-4D60-9340-0D5905017DFF}.Release|x86.ActiveCfg = Release|Win32
		{BB720EFC-699A-4D60-9340-0D5905017DFF}.Release|x86.Build.0 = Release|Win32
		{65A0D19C-7B5C-46F1-BAE0-E1F3C876AB93}.Debug|x64.ActiveCfg = Debug|x64
		{65A0D19C-7B5C-46F1-BAE0-E1F3C876AB93}.Debug|x64.Build.0 = Debug|x64
		{65A0D19C-7B5C-46F1-BAE0-E1F3C876AB93}.Debug|x86.ActiveCfg = Debug|Win32
		{65A0D19C-7B5C-46F1-BAE0-E1F3C876AB93}.Debug|x86.Build.0 = Debug|Win32
		{65A0D19C-7B5C-46F1-BAE0-E1F3C876AB93}.Release|x64.ActiveCfg = Release|x64
		{65A0D19C-7B5C-46F1-BAE0-E1F3C876AB93}.Release|x64.Build.0 = Release|x64
		{65A0D19C-7B5C-46F1-BAE0-E1F3C876AB93}.Release|x86.ActiveCfg = Release|Win32
		{65A0D19C-7B5C-46F1-BAE0-E1F3C876AB93}.Release|x86.Build.0 = Release|Win32
		{10D66586-CF8C-4E67-85FD-DA38F04B9345}.Debug|x64.ActiveCfg = Debug|x64
		{10D66586-CF8C-4E67-85FD-DA38F04B9345}.Debug|x64.Build.0 = Debug|x64
		{10D66586-CF8C-4E67-85FD-DA38F04B9345}.Debug|x86.ActiveCfg = Debug|Win32
		{10D66586-CF8C-4E67-85FD-DA38F04B9345}.Debug|x86.Build.0 = Debug|Win32
		{10D66586-CF8C-4E67-85FD-DA38F04B9345}.Release|x64.ActiveCfg = Release|x64
		{10D66586-CF8C-4E67-85FD-DA38F04B9345}.Release|x64.Build.0 = Release|x64
		{10D66586-CF8C-4E67-85FD-DA38F04B9345}.Release|x86.ActiveCfg = Release|Win32
		{10D66586-CF8C-4E67-85FD-DA38F04B9345}.Release|x86.Build.0 = Release|Win32
		{EF50A2B0-0CCA-467C-944D-9816D42B5958}.Debug|x64.ActiveCfg = Debug|x64
		{EF50A2B0-0CCA-467C-944D-9816D42B5958}.Debug|x64.Build.0 = Debug|x64
		{EF50A2B0-0CCA-467C-944D-9816D42B5958}.Debug|x86.ActiveCfg = Debug|Win32
		{EF50A2B0-0CCA-467C-944D-9816D42B5958}.Debug|x86.Build.0 = Debug|Win32
		{EF50A2B0-0CCA-467C-944D-9816D42B5958}.Release|x64.ActiveCfg = Release|x64
		{EF50A2B0-0CCA-467C-944D-9816D42B5958}.Release|x64.Build.0 = Release|x64
		{EF50A2B0-0CCA-467C-944D-9816D42B5958}.Release|x86.ActiveCfg = Release|Win32
		{EF50A2B0-0CCA-467C-944D-9816D42B5958}.Release|x86.Build.0 = Release|Win32
		{67B554DA-537E-4658-B37D-014227F51537}.Debug|x64.ActiveCfg = Debug|x64
		{67B554DA-537E-4658-B37D-014227F51537}.Debug|x64.Build.0 = Debug|x64
		{67B554DA-537E-4658-B37D-014227F51537}.Debug|x86.ActiveCfg = Debug|Win32
		{67B554DA-537E-4658-B37D-014227F51537}.Debug|x86.Build.0 = Debug|Win32
		{67B554DA-537E-4658-B37D-014227F51537}.Release|x64.ActiveCfg = Release|x64
		{67B554DA-537E-4658-B37D-014227F51537}.Release|x64.Build.0 = Release|x64
		{67B554DA-537E-4658-B37D-014227F51537}.Release|x86.ActiveCfg = Release|Win32
		{67B554DA-537E-4658-B37D-014227F51537}.Release|x86.Build.0 = Release|Win32
		{DE15D6A0-CAFD-4F54-A901-2BB10631D771}.Debug|x64.ActiveCfg = Debug|x64
		{DE15D6A0-CAFD-4F54-A901-2BB10631D771}.Debug|x64.Build.0 = Debug|x64
		{DE15D6A0-CAFD-4F54-A901-2BB10631D771}.Debug|x86.ActiveCfg = Debug|Win32
		{DE15D6A0-CAFD-4F54-A901-2BB10631D771}.Debug|x86.Build.0 = Debug|Win32
		{DE15D6A0-CAFD-4F54-A901-2BB10631D771}.Release|x64.ActiveCfg = Release|x64
		{DE15D6A0-CAFD-4F54-A901-2BB10631D771}.Release|x64.Build.0 = Release|x64
		{DE15D6A0-CAFD-4F54-A901-2BB10631D771}.Release|x86.ActiveCfg = Release|Win32
		{DE15D6A0-CAFD-4F54-A901-2BB10631D771}.Release|x86.Build.0 = Release|Win32
		{608DE767-3C68-499A-8D5D-7882ECB0E3F9}.Debug|x64.ActiveCfg = Debug|x64
		{608DE767-3C68-499A-8D5D-7882ECB0E3F9}.Debug|x64.Build.0 = Debug|x64
		{608DE767-3C68-499A-8D5D-7882ECB0E3F9}.Debug|x86.ActiveCfg = Debug|Win32
		{608DE767-3C68-499A-8D5D-7882ECB0E3F9}.Debug|x86.Build.0 = Debug|Win32
		{608DE767-3C68-499A-8D5D-7882ECB0E3F9}.Release|x64.ActiveCfg = Release|x64
		{608DE767-3C68-499A-8D5D-7882ECB0E3F9}.Release|x64.Build.0 = Release|x64
		{608DE767-3C68-499A-8D5D-7882ECB0E3F9}.Release|x86.ActiveCfg = Release|Win32
		{608DE767-3C68-499A-8D5D-7882ECB0E3F9}.Release|x86.Build.0 = Release|Win32
		{E16FD7E4-9F3C-4FDF-838D-466CB3A237DB}.Debug|x64.ActiveCfg = Debug|x64
		{E16FD7E4-9F3C-4FDF-838D-466CB3A237DB}.Debug|x64.Build.0 = Debug|x64
		{E16FD7E4-9F3C-4FDF-838D-466CB3A237DB}.Debug|x86.ActiveCfg = Debug|Win32
		{E16FD7E4-9F3C-4FDF-838D-466CB3A237DB}.Debug|x86.Build.0 = Debug|Win32
		{E16FD7E4-9F3C-4FDF-838D-466CB3A237DB}.Release|x64.ActiveCfg = Release|x64
		{E16FD7E4-9F3C-4FDF-838D-466CB3A237DB}.Release|x64.Build.0 = Release|x64
		{E16FD7E4-9F3C-4FDF-838D-466CB3A237DB}.Release|x86.ActiveCfg = Release|Win32
		{E16FD7E4-9F3C-4FDF-838D-466CB3A237DB}.Release|x86.Build.0 = Release|Win32
		{D4CF3F3B-8FA0-445B-8E73-87EE7B753CCB}.Debug|x64.ActiveCfg = Debug|x64
		{D4CF3F3B-8FA0-445B-8E73-87EE7B753CCB}.Debug|x64.Build.0 = Debug|x64
		{D4CF3F3B-8FA0-445B-8E73-87EE7B753CCB}.Debug|x86.ActiveCfg = Debug|Win32
		{D4CF3F3B-8FA0-445B-8E73-87EE7B753CCB}.Debug|x86.Build.0 = Debug|Win32
		{D4CF3F3B-8FA0-445B-8E73-87EE7B753CCB}.Release|x64.ActiveCfg = Release|x64
		{D4CF3F3B-8FA0-445B-8E73-87EE7B753CCB}.Release|x64.Build.0 = Release|x64
		{D4CF3F3B-8FA0-445B-8E73-87EE7B753CCB}.Release|x86.ActiveCfg = Release|Win32
		{D4CF3F3B-8FA0-445B-8E73-87EE7B753CCB}.Release|x86.Build.0 = Release|Win32
		{AD6DDB09-F13F-42D7-B3C7-FCC536917D11}.Debug|x64.ActiveCfg = Debug|x64
		{AD6DDB09-F13F-42D7-B3C7-FCC536917D11}.Debug|x64.Build.0 = Debug|x64
		{AD6DDB09-F13F-42D7-B3C7-FCC536917D11}.Debug|x86.ActiveCfg = Debug|Win32
		{AD6DDB09-F13F-42D7-B3C7-FCC536917D11}.Debug|x86.Build.0 = Debug|Win32
		{AD6DDB09-F13F-42D7-B3C7-FCC536917D11}.Release|x64.ActiveCfg = Release|x64
		{AD6DDB09-F13F-42D7-B3C7-FCC536917D11}.Release|x64.Build.0 = Release|x64
		{AD6DDB09-F13F-42D7-B3C7-FCC536917D11}.Release|x86.ActiveCfg = Release|Win32
		{AD6DDB09-F13F-42D7-B3C7-FCC536917D11}.Release|x86.Build.0 = Release|Win32
		{78B79100-9003-417B-A78D-CC2425B0DA6C}.Debug|x64.ActiveCfg = Debug|x64
		{78B79100-9003-417B-A78D-CC2425B0DA6C}.Debug|x64.Build.0 = Debug|x64
		{78B79100-9003-417B-A78D-CC2425B0DA6C}.Debug|x86.ActiveCfg = Debug|Win32
		{78B79100-9003-417B-A78D-CC2425B0DA6C}.Debug|x86.Build.0 = Debug|Win32
		{78B79100-9003-417B-A78D-CC2425B0DA6C}.Release|x64.ActiveCfg = Release|x64
		{78B79100-9003-417B-A78D-CC2425B0DA6C}.Release|x64.Build.0 = Release|x64
		{78B79100-9003-417B-A78D-CC2425B0DA6C}.Release|x86.ActiveCfg = Release|Win32
		{78B79100-9003-417B-A78D-CC2425B0DA6C}.Release|x86.Build.0 = Release|Win32
		{840ECC1D-8A95-4F81-BF8F-5AA40543AC0F}.Debug|x64.ActiveCfg = Debug|x64
		{840ECC1D-8A95-4F81-BF8F-5AA40543AC0F}.Debug|x64.Build.0 = Debug|x64
		{840ECC1D-8A95-4F81-BF8F-5AA40543AC0F}.Debug|x86.ActiveCfg = Debug|Win32
		{840ECC1D-8A95-4F81-BF8F-5AA40543AC0F}.Debug|x86.Build.0 = Debug|Win32
		{840ECC1D-8A95-4F81-BF8F-5AA40543AC0F}.Release|x64.ActiveCfg = Release|x64
		{840ECC1D-8A95-4F81-BF8F-5AA40543AC0F}.Release|x64.Build.0 = Release|x64
		{840ECC1D-8A95-4F81-BF8F-5AA40543AC0F}.Release|x86.ActiveCfg = Release|Win32
		{840ECC1D-8A95-4F81-BF8F-5AA40543AC0F}.Release|x86.Build.0 = Release|Win32
		{4861C6C5-0FC3-49FD-8E60-FD575AA37196}.Debug|x64.ActiveCfg = Debug|x64
		{4861C6C5-0FC3-49FD-8E60-FD575AA37196}.Debug|x64.Build.0 = Debug|x64
		{4861C6C5-0FC3-49FD-8E60-FD575AA37196}.Debug|x86.ActiveCfg = Debug|Win32
		{4861C6C5-0FC3-49FD-8E60-FD575AA37196}.Debug|x86.Build.0 = Debug|Win32
		{4861C6C5-0FC3-49FD-8E60-FD575AA37196}.Release|x64.ActiveCfg = Release|x64
		{4861C6C5-0FC3-49FD-8E60-FD575AA37196}.Release|x64.Build.0 = Release|x64
		{4861C6C5-0FC3-49FD-8E60-FD575AA37196}.Release|x86.ActiveCfg = Release|Win32
		{4861C6C5-0FC3-49FD-8E60-FD575AA37196}.Release|x86.Build.0 = Release|Win32
	EndGlobalSection
	GlobalSection(SolutionProperties) = preSolution
		HideSolutionNode = FALSE
	EndGlobalSection
	GlobalSection(ExtensibilityGlobals) = postSolution
		SolutionGuid = {36708091-3FFA-4677-A0F5-A1DB7739E893}
	EndGlobalSection
EndGlobal
